
Microsoft Visual Studio Solution File, Format Version 12.00
# Visual Studio Version 16
VisualStudioVersion = 16.0.29009.5
MinimumVisualStudioVersion = 10.0.40219.1
Project("{FAE04EC0-301F-11D3-BF4B-00C04F79EFBC}") = "MockingConcreteClasses", "MockingConcreteClasses\MockingConcreteClasses.csproj", "{B42CD6E9-28D8-4526-9B73-15590B07F442}"
EndProject
Project("{FAE04EC0-301F-11D3-BF4B-00C04F79EFBC}") = "MockingConcreteClassesTests", "Tests\MockingConcreteClassesTests\MockingConcreteClassesTests.csproj", "{65626AC3-949F-40D3-960D-5B695DE43CB7}"
EndProject
Project("{2150E333-8FDC-42A3-9474-1A3956D46DE8}") = "Tests", "Tests", "{33A4213A-C33D-41A4-AB7A-1CCFC1586C93}"
EndProject
Global
	GlobalSection(SolutionConfigurationPlatforms) = preSolution
		Debug|Any CPU = Debug|Any CPU
		Release|Any CPU = Release|Any CPU
	EndGlobalSection
	GlobalSection(ProjectConfigurationPlatforms) = postSolution
		{B42CD6E9-28D8-4526-9B73-15590B07F442}.Debug|Any CPU.ActiveCfg = Debug|Any CPU
		{B42CD6E9-28D8-4526-9B73-15590B07F442}.Debug|Any CPU.Build.0 = Debug|Any CPU
		{B42CD6E9-28D8-4526-9B73-15590B07F442}.Release|Any CPU.ActiveCfg = Release|Any CPU
		{B42CD6E9-28D8-4526-9B73-15590B07F442}.Release|Any CPU.Build.0 = Release|Any CPU
		{65626AC3-949F-40D3-960D-5B695DE43CB7}.Debug|Any CPU.ActiveCfg = Debug|Any CPU
		{65626AC3-949F-40D3-960D-5B695DE43CB7}.Debug|Any CPU.Build.0 = Debug|Any CPU
		{65626AC3-949F-40D3-960D-5B695DE43CB7}.Release|Any CPU.ActiveCfg = Release|Any CPU
		{65626AC3-949F-40D3-960D-5B695DE43CB7}.Release|Any CPU.Build.0 = Release|Any CPU
	EndGlobalSection
	GlobalSection(SolutionProperties) = preSolution
		HideSolutionNode = FALSE
	EndGlobalSection
	GlobalSection(NestedProjects) = preSolution
		{65626AC3-949F-40D3-960D-5B695DE43CB7} = {33A4213A-C33D-41A4-AB7A-1CCFC1586C93}
	EndGlobalSection
	GlobalSection(ExtensibilityGlobals) = postSolution
		SolutionGuid = {EF4A9658-69D7-4B98-A231-E6057B9C16E1}
	EndGlobalSection
EndGlobal
